
Microsoft Visual Studio Solution File, Format Version 12.00
# Visual Studio Version 17
VisualStudioVersion = 17.8.34525.116
MinimumVisualStudioVersion = 10.0.40219.1
Project("{FAE04EC0-301F-11D3-BF4B-00C04F79EFBC}") = "hada-p2", "hada-p2\hada-p2.csproj", "{216077BF-9076-4DCA-8FD9-4B613C348616}"
EndProject
Global
	GlobalSection(SolutionConfigurationPlatforms) = preSolution
		Debug|Any CPU = Debug|Any CPU
		Release|Any CPU = Release|Any CPU
	EndGlobalSection
	GlobalSection(ProjectConfigurationPlatforms) = postSolution
		{216077BF-9076-4DCA-8FD9-4B613C348616}.Debug|Any CPU.ActiveCfg = Debug|Any CPU
		{216077BF-9076-4DCA-8FD9-4B613C348616}.Debug|Any CPU.Build.0 = Debug|Any CPU
		{216077BF-9076-4DCA-8FD9-4B613C348616}.Release|Any CPU.ActiveCfg = Release|Any CPU
		{216077BF-9076-4DCA-8FD9-4B613C348616}.Release|Any CPU.Build.0 = Release|Any CPU
	EndGlobalSection
	GlobalSection(SolutionProperties) = preSolution
		HideSolutionNode = FALSE
	EndGlobalSection
	GlobalSection(ExtensibilityGlobals) = postSolution
		SolutionGuid = {A001110B-95C9-4947-86B6-212569FE6A2F}
	EndGlobalSection
EndGlobal
